{
    "_readme": [
        "This file locks the dependencies of your project to a known state",
        "Read more about it at https://getcomposer.org/doc/01-basic-usage.md#installing-dependencies",
        "This file is @generated automatically"
    ],
    "content-hash": "145085cca8ee6e0b1a390fbad211c433",
    "packages": [
        {
            "name": "wp-cli/php-cli-tools",
            "version": "v0.12.6",
            "source": {
                "type": "git",
                "url": "https://github.com/wp-cli/php-cli-tools.git",
                "reference": "f12b650d3738e471baed6dd47982d53c5c0ab1c3"
            },
            "dist": {
                "type": "zip",
                "url": "https://api.github.com/repos/wp-cli/php-cli-tools/zipball/f12b650d3738e471baed6dd47982d53c5c0ab1c3",
                "reference": "f12b650d3738e471baed6dd47982d53c5c0ab1c3",
                "shasum": ""
            },
            "require": {
                "php": ">= 7.2.24"
            },
            "require-dev": {
                "roave/security-advisories": "dev-latest",
                "wp-cli/wp-cli-tests": "^5"
            },
            "type": "library",
            "extra": {
                "branch-alias": {
                    "dev-master": "0.12.x-dev"
                }
            },
            "autoload": {
                "files": [
                    "lib/cli/cli.php"
                ],
                "psr-0": {
                    "cli": "lib/"
                }
            },
            "notification-url": "https://packagist.org/downloads/",
            "license": [
                "MIT"
            ],
            "authors": [
                {
                    "name": "Daniel Bachhuber",
                    "email": "daniel@handbuilt.co",
                    "role": "Maintainer"
                },
                {
                    "name": "James Logsdon",
                    "email": "jlogsdon@php.net",
                    "role": "Developer"
                }
            ],
            "description": "Console utilities for PHP",
            "homepage": "http://github.com/wp-cli/php-cli-tools",
            "keywords": [
                "cli",
                "console"
            ],
            "support": {
                "issues": "https://github.com/wp-cli/php-cli-tools/issues",
                "source": "https://github.com/wp-cli/php-cli-tools/tree/v0.12.6"
            },
            "time": "2025-09-11T12:43:04+00:00"
        }
    ],
    "packages-dev": [],
    "aliases": [],
    "minimum-stability": "stable",
    "stability-flags": {},
    "prefer-stable": false,
    "prefer-lowest": false,
    "platform": {},
    "platform-dev": {},
    "plugin-api-version": "2.6.0"
}
